<?xml version="1.0" encoding="utf-8"?>
<Project ToolsVersion="4.0" xmlns="http://schemas.microsoft.com/developer/msbuild/2003">
  <ItemGroup>
    <ClCompile Include="src\BackGround.cpp" />
    <ClCompile Include="src\CollisionUtil.cpp" />
    <ClCompile Include="src\GraphicsDevice.cpp" />
    <ClCompile Include="src\MapManager.cpp" />
    <ClCompile Include="src\object\CollisionObject\CollisionData.cpp" />
    <ClCompile Include="src\object\CollisionObject\CollisionObjManager.cpp" />
    <ClCompile Include="src\object\CollisionObject\Player.cpp" />
    <ClCompile Include="src\object\CollisionObject\SolidBlock.cpp" />
    <ClCompile Include="src\object\GameObjManager.cpp" />
    <ClCompile Include="src\scene\Error.cpp" />
    <ClCompile Include="src\scene\Loading.cpp" />
    <ClCompile Include="src\scene\Playing.cpp" />
    <ClCompile Include="src\scene\Scene.cpp" />
    <ClCompile Include="src\scene\Title.cpp" />
    <ClCompile Include="src\SceneManager.cpp" />
    <ClCompile Include="src\SoundDevice.cpp" />
    <ClCompile Include="src\StdAfx.cpp" />
    <ClCompile Include="src\util\CSVUtil.cpp" />
    <ClCompile Include="src\util\DebugManager.cpp" />
    <ClCompile Include="src\util\FPSCounter.cpp" />
    <ClCompile Include="src\util\HighResolutionTimer.cpp" />
    <ClCompile Include="src\win\D2D\D2DCore.cpp" />
    <ClCompile Include="src\win\D2D\D2DTextData.cpp" />
    <ClCompile Include="src\win\D3D\D3DCore.cpp" />
    <ClCompile Include="src\win\WIC\WICCore.cpp" />
    <ClCompile Include="src\win\XA2\BGMData.cpp" />
    <ClCompile Include="src\win\XA2\MmioUtil.cpp" />
    <ClCompile Include="src\win\XA2\SEData.cpp" />
    <ClCompile Include="src\win\XA2\SoundPacket.cpp" />
    <ClCompile Include="src\win\XA2\WaveData.cpp" />
    <ClCompile Include="src\win\XA2\XA2Core.cpp" />
    <ClCompile Include="src\WinMain.cpp" />
    <ClCompile Include="src\WisdomCrystal.cpp" />
    <ClCompile Include="src\WinApplication.cpp" />
  </ItemGroup>
  <ItemGroup>
    <ClInclude Include="src\BackGround.h" />
    <ClInclude Include="src\CollisionUtil.h" />
    <ClInclude Include="src\GraphicsDevice.h" />
    <ClInclude Include="src\MapManager.h" />
    <ClInclude Include="src\object\CollisionObject\CollisionData.h" />
    <ClInclude Include="src\object\CollisionObject\CollisionObject.h" />
    <ClInclude Include="src\object\CollisionObject\CollisionObjManager.h" />
    <ClInclude Include="src\object\CollisionObject\CollisionRectData.h" />
    <ClInclude Include="src\object\CollisionObject\Player.h" />
    <ClInclude Include="src\object\CollisionObject\SolidBlock.h" />
    <ClInclude Include="src\object\GameObject.h" />
    <ClInclude Include="src\object\GameObjManager.h" />
    <ClInclude Include="src\scene\Error.h" />
    <ClInclude Include="src\scene\Loading.h" />
    <ClInclude Include="src\scene\Playing.h" />
    <ClInclude Include="src\scene\Scene.h" />
    <ClInclude Include="src\scene\Title.h" />
    <ClInclude Include="src\SceneManager.h" />
    <ClInclude Include="src\SoundDevice.h" />
    <ClInclude Include="src\StdAfx.h" />
    <ClInclude Include="src\util\CSVUtil.h" />
    <ClInclude Include="src\util\DebugManager.h" />
    <ClInclude Include="src\util\FPSCounter.h" />
    <ClInclude Include="src\util\HighResolutionTimer.h" />
    <ClInclude Include="src\win\D2D\D2DCore.h" />
    <ClInclude Include="src\win\D2D\D2DTextData.h" />
    <ClInclude Include="src\win\D3D\D3DCore.h" />
    <ClInclude Include="src\win\WIC\WICCore.h" />
    <ClInclude Include="src\win\XA2\BGMData.h" />
    <ClInclude Include="src\win\XA2\MmioUtil.h" />
    <ClInclude Include="src\win\XA2\SEData.h" />
    <ClInclude Include="src\win\XA2\SoundPacket.h" />
    <ClInclude Include="src\win\XA2\WaveData.h" />
    <ClInclude Include="src\win\XA2\XA2Core.h" />
    <ClInclude Include="src\WisdomCrystal.h" />
    <ClInclude Include="src\win\util\SafeRelease.h" />
    <ClInclude Include="src\WinApplication.h" />
  </ItemGroup>
</Project>