<?xml version="1.0" encoding="utf-8"?>
<Project ToolsVersion="4.0" xmlns="http://schemas.microsoft.com/developer/msbuild/2003">
  <ItemGroup>
    <ClInclude Include="src\object\GameObject.h" />
    <ClInclude Include="src\object\GameObjManager.h" />
    <ClInclude Include="src\object\Player.h" />
    <ClInclude Include="src\scene\Loading.h" />
    <ClInclude Include="src\scene\Playing.h" />
    <ClInclude Include="src\scene\Scene.h" />
    <ClInclude Include="src\util\CSVUtil.h" />
    <ClInclude Include="src\util\MathUtil.h" />
    <ClInclude Include="src\win\D2D\D2DCore.h" />
    <ClInclude Include="src\win\D3D\D3DCore.h" />
    <ClInclude Include="src\win\joypad\Joypad.h" />
    <ClInclude Include="src\win\joypad\JoypadCode.h" />
    <ClInclude Include="src\win\util\DebugManager.h" />
    <ClInclude Include="src\win\util\FPSCounter.h" />
    <ClInclude Include="src\win\util\HighResolutionTimer.h" />
    <ClInclude Include="src\win\util\Input.h" />
    <ClInclude Include="src\win\WIC\WICCore.h" />
    <ClInclude Include="src\win\XA2\BGMData.h" />
    <ClInclude Include="src\win\XA2\SEData.h" />
    <ClInclude Include="src\win\XA2\WaveData.h" />
    <ClInclude Include="src\win\XA2\XA2Core.h" />
    <ClInclude Include="src\BackGround.h" />
    <ClInclude Include="src\GraphicsDevice.h" />
    <ClInclude Include="src\SoundDevice.h" />
    <ClInclude Include="src\StdAfx.h" />
    <ClInclude Include="src\WinApplication.h" />
    <ClInclude Include="src\WisdomCrystal.h" />
    <ClInclude Include="src\scene\SceneChanger.h" />
    <ClInclude Include="src\win\XA2\XAudio2Deleter.h" />
    <ClInclude Include="src\win\COM\COMInitializer.h" />
    <ClInclude Include="src\win\util\Deleter.h" />
    <ClInclude Include="src\win\XA2\SoundPacket.h" />
    <ClInclude Include="src\scene\TitleMenu.h" />
    <ClInclude Include="src\scene\Title.h" />
    <ClInclude Include="src\win\com\deleter.h" />
    <ClInclude Include="src\win\String\WinString.h" />
    <ClInclude Include="src\win\COM\SafeRelease.h" />
    <ClInclude Include="src\win\D2D\D2DImage.h" />
    <ClInclude Include="src\win\D2D\D2DText.h" />
    <ClInclude Include="src\object\Ghost.h" />
  </ItemGroup>
  <ItemGroup>
    <ClCompile Include="src\object\GameObjManager.cpp" />
    <ClCompile Include="src\object\Player.cpp" />
    <ClCompile Include="src\scene\Loading.cpp" />
    <ClCompile Include="src\scene\Playing.cpp" />
    <ClCompile Include="src\scene\Scene.cpp" />
    <ClCompile Include="src\util\CSVUtil.cpp" />
    <ClCompile Include="src\util\MathUtil.cpp" />
    <ClCompile Include="src\win\D2D\D2DCore.cpp" />
    <ClCompile Include="src\win\D3D\D3DCore.cpp" />
    <ClCompile Include="src\win\joypad\Joypad.cpp" />
    <ClCompile Include="src\win\util\DebugManager.cpp" />
    <ClCompile Include="src\win\util\FPSCounter.cpp" />
    <ClCompile Include="src\win\util\HighResolutionTimer.cpp" />
    <ClCompile Include="src\win\util\Input.cpp" />
    <ClCompile Include="src\win\WIC\WICCore.cpp" />
    <ClCompile Include="src\win\XA2\BGMData.cpp" />
    <ClCompile Include="src\win\XA2\SEData.cpp" />
    <ClCompile Include="src\win\XA2\WaveData.cpp" />
    <ClCompile Include="src\win\XA2\XA2Core.cpp" />
    <ClCompile Include="src\BackGround.cpp" />
    <ClCompile Include="src\GraphicsDevice.cpp" />
    <ClCompile Include="src\SoundDevice.cpp" />
    <ClCompile Include="src\StdAfx.cpp" />
    <ClCompile Include="src\WinApplication.cpp" />
    <ClCompile Include="src\WinMain.cpp" />
    <ClCompile Include="src\WisdomCrystal.cpp" />
    <ClCompile Include="src\scene\SceneChanger.cpp" />
    <ClCompile Include="src\win\COM\COMInitializer.cpp" />
    <ClCompile Include="src\win\XA2\SoundPacket.cpp" />
    <ClCompile Include="src\scene\TitleMenu.cpp" />
    <ClCompile Include="src\scene\Title.cpp" />
    <ClCompile Include="src\win\String\WinString.cpp" />
    <ClCompile Include="src\win\D2D\D2DImage.cpp" />
    <ClCompile Include="src\win\D2D\D2DText.cpp" />
    <ClCompile Include="src\object\Ghost.cpp" />
  </ItemGroup>
</Project>